
Microsoft Visual Studio Solution File, Format Version 12.00
# Visual Studio 15
VisualStudioVersion = 15.0.26430.13
MinimumVisualStudioVersion = 10.0.40219.1
Project("{FAE04EC0-301F-11D3-BF4B-00C04F79EFBC}") = "ADSyncApi", "ADSyncApi\ADSyncApi.csproj", "{D0D03B2A-53CA-4564-B0DC-2DF330EC4D23}"
EndProject
Project("{FAE04EC0-301F-11D3-BF4B-00C04F79EFBC}") = "SyncQueueProc", "SyncQueueProc\SyncQueueProc.csproj", "{A3DF87DD-7FEB-49BF-825A-0E3B27D5AED2}"
EndProject
Project("{FAE04EC0-301F-11D3-BF4B-00C04F79EFBC}") = "ADSync.Data", "ADSync.Data\ADSync.Data.csproj", "{D50A9792-AC8A-46E0-84AB-540A89161962}"
EndProject
Project("{FAE04EC0-301F-11D3-BF4B-00C04F79EFBC}") = "ADSync.Common", "ADSync.Common\ADSync.Common.csproj", "{4F56F58D-A05C-4A4A-8D5A-FCC3904750F9}"
EndProject
Project("{2150E333-8FDC-42A3-9474-1A3956D46DE8}") = "PSScripts", "PSScripts", "{403BB528-A379-432B-9A63-10396C4AEC89}"
	ProjectSection(SolutionItems) = preProject
		ADSyncApi\Files\ScriptVersion.txt = ADSyncApi\Files\ScriptVersion.txt
	EndProjectSection
EndProject
Project("{2150E333-8FDC-42A3-9474-1A3956D46DE8}") = "MasterHQ", "MasterHQ", "{83B73DB4-4182-43D0-96D0-DBEF13867BC7}"
	ProjectSection(SolutionItems) = preProject
		PSScripts\MasterHQ\Get-DQUsers.ps1 = PSScripts\MasterHQ\Get-DQUsers.ps1
		PSScripts\MasterHQ\GraphDeltaToken.json = PSScripts\MasterHQ\GraphDeltaToken.json
		PSScripts\MasterHQ\GraphLogin.ps1 = PSScripts\MasterHQ\GraphLogin.ps1
		PSScripts\MasterHQ\Logging.ps1 = PSScripts\MasterHQ\Logging.ps1
		PSScripts\MasterHQ\NewVersionCheck.ps1 = PSScripts\MasterHQ\NewVersionCheck.ps1
		PSScripts\MasterHQ\RunSync-ADLocal.cmd = PSScripts\MasterHQ\RunSync-ADLocal.cmd
		PSScripts\MasterHQ\RunSync-B2B.cmd = PSScripts\MasterHQ\RunSync-B2B.cmd
		PSScripts\MasterHQ\Send-B2BInviteGraph.ps1 = PSScripts\MasterHQ\Send-B2BInviteGraph.ps1
		PSScripts\MasterHQ\Sync-AD.ps1 = PSScripts\MasterHQ\Sync-AD.ps1
		PSScripts\MasterHQ\Sync-B2B.ps1 = PSScripts\MasterHQ\Sync-B2B.ps1
		PSScripts\MasterHQ\SyncAPI-HQ.ps1 = PSScripts\MasterHQ\SyncAPI-HQ.ps1
		PSScripts\MasterHQ\SyncAPI.ps1 = PSScripts\MasterHQ\SyncAPI.ps1
		PSScripts\MasterHQ\SyncTools-HQ.ps1 = PSScripts\MasterHQ\SyncTools-HQ.ps1
		PSScripts\MasterHQ\SyncTools.ps1 = PSScripts\MasterHQ\SyncTools.ps1
		PSScripts\MasterHQ\SyncVars.json = PSScripts\MasterHQ\SyncVars.json
	EndProjectSection
EndProject
Project("{2150E333-8FDC-42A3-9474-1A3956D46DE8}") = "LocalADOnly", "LocalADOnly", "{352F2598-7354-45CE-8AFF-91F29064B959}"
	ProjectSection(SolutionItems) = preProject
		PSScripts\LocalADOnly\Logging.ps1 = PSScripts\LocalADOnly\Logging.ps1
		PSScripts\LocalADOnly\NewVersionCheck.ps1 = PSScripts\LocalADOnly\NewVersionCheck.ps1
		PSScripts\LocalADOnly\RunSync.cmd = PSScripts\LocalADOnly\RunSync.cmd
		PSScripts\LocalADOnly\Sync.ps1 = PSScripts\LocalADOnly\Sync.ps1
		PSScripts\LocalADOnly\SyncAPI.ps1 = PSScripts\LocalADOnly\SyncAPI.ps1
		PSScripts\LocalADOnly\SyncTools.ps1 = PSScripts\LocalADOnly\SyncTools.ps1
		PSScripts\LocalADOnly\SyncVars.json = PSScripts\LocalADOnly\SyncVars.json
	EndProjectSection
EndProject
Project("{2150E333-8FDC-42A3-9474-1A3956D46DE8}") = "AADB2B", "AADB2B", "{13C1FC44-D031-4C9C-A13F-054465BF554F}"
	ProjectSection(SolutionItems) = preProject
		PSScripts\AADB2B\Logging.ps1 = PSScripts\AADB2B\Logging.ps1
		PSScripts\AADB2B\NewVersionCheck.ps1 = PSScripts\AADB2B\NewVersionCheck.ps1
		PSScripts\AADB2B\RunSync.cmd = PSScripts\AADB2B\RunSync.cmd
		PSScripts\AADB2B\Sync.ps1 = PSScripts\AADB2B\Sync.ps1
		PSScripts\AADB2B\SyncApi.ps1 = PSScripts\AADB2B\SyncApi.ps1
		PSScripts\AADB2B\SyncTools.ps1 = PSScripts\AADB2B\SyncTools.ps1
		PSScripts\AADB2B\SyncVars.json = PSScripts\AADB2B\SyncVars.json
	EndProjectSection
EndProject
Project("{2150E333-8FDC-42A3-9474-1A3956D46DE8}") = "Logs", "Logs", "{87017258-A35E-4902-B39F-E95EA1D80578}"
EndProject
Project("{2150E333-8FDC-42A3-9474-1A3956D46DE8}") = "Logs", "Logs", "{1A0AF3CF-EDD0-4BA6-A92B-C5D0F5EF7CD1}"
EndProject
Project("{2150E333-8FDC-42A3-9474-1A3956D46DE8}") = "Logs", "Logs", "{AE873B75-9D8D-4596-9B76-92D3717262A7}"
EndProject
Project("{2150E333-8FDC-42A3-9474-1A3956D46DE8}") = "Misc", "Misc", "{B7D40B83-3A61-4B5C-A707-1DEB0320BCA9}"
	ProjectSection(SolutionItems) = preProject
		azuredeploy.json = azuredeploy.json
		azuredeploy.parameters.json = azuredeploy.parameters.json
		CustomDeploy.ps1 = CustomDeploy.ps1
		README.md = README.md
	EndProjectSection
EndProject
Project("{2150E333-8FDC-42A3-9474-1A3956D46DE8}") = "DocImages", "DocImages", "{8F22BC43-FF2D-47BA-B5EC-D1FBA57EC58C}"
	ProjectSection(SolutionItems) = preProject
		DocImages\AddSite.png = DocImages\AddSite.png
		DocImages\App1.png = DocImages\App1.png
		DocImages\App1a.png = DocImages\App1a.png
		DocImages\App2.png = DocImages\App2.png
		DocImages\App3a.png = DocImages\App3a.png
		DocImages\App4.png = DocImages\App4.png
		DocImages\App5.png = DocImages\App5.png
		DocImages\ARMForm.png = DocImages\ARMForm.png
		DocImages\ConnectOUFilter.png = DocImages\ConnectOUFilter.png
		DocImages\Diagram.png = DocImages\Diagram.png
		DocImages\HQOUs.png = DocImages\HQOUs.png
		DocImages\InitHQ.png = DocImages\InitHQ.png
		DocImages\ServiceFiles.png = DocImages\ServiceFiles.png
		DocImages\ServiceInstaller.png = DocImages\ServiceInstaller.png
		DocImages\ServiceInstaller2.png = DocImages\ServiceInstaller2.png
		DocImages\ServiceInstaller3.png = DocImages\ServiceInstaller3.png
		DocImages\SiteDashboard.png = DocImages\SiteDashboard.png
		DocImages\SiteLogs.png = DocImages\SiteLogs.png
		DocImages\SiteSettings.png = DocImages\SiteSettings.png
		DocImages\SiteSetupDownload.png = DocImages\SiteSetupDownload.png
		DocImages\UPNSuffixesOnPrem.png = DocImages\UPNSuffixesOnPrem.png
		DocImages\Url.png = DocImages\Url.png
		DocImages\Url2.png = DocImages\Url2.png
		DocImages\Url3.png = DocImages\Url3.png
		DocImages\UserAdminPWReset.png = DocImages\UserAdminPWReset.png
		DocImages\UserAdvanced.png = DocImages\UserAdvanced.png
		DocImages\UserContact.png = DocImages\UserContact.png
		DocImages\UserGeneral.png = DocImages\UserGeneral.png
		DocImages\UserOnPremManage.png = DocImages\UserOnPremManage.png
	EndProjectSection
EndProject
Project("{FAE04EC0-301F-11D3-BF4B-00C04F79EFBC}") = "ComplexOrgSiteAgent", "ComplexOrgSiteAgent\ComplexOrgSiteAgent.csproj", "{BCA20CF9-B8E1-4551-8B26-11AD42F63892}"
EndProject
Project("{FAE04EC0-301F-11D3-BF4B-00C04F79EFBC}") = "ComplexOrgSiteSetup", "ComplexOrgSiteSetup\ComplexOrgSiteSetup.csproj", "{DD6F3F2C-D26F-4CC2-84D6-3CAC52879EE1}"
EndProject
Project("{FAE04EC0-301F-11D3-BF4B-00C04F79EFBC}") = "ComplexOrgSTS", "ComplexOrgSTS\ComplexOrgSTS.csproj", "{62701C3C-E88E-407F-B805-E3BF13B74CCE}"
EndProject
Project("{FAE04EC0-301F-11D3-BF4B-00C04F79EFBC}") = "OrgRelay", "OrgRelay\OrgRelay.csproj", "{1B4B9E0E-AB4B-46FA-A035-D5E912F6A767}"
EndProject
Project("{2150E333-8FDC-42A3-9474-1A3956D46DE8}") = "Docs", "Docs", "{5C2A9A2D-5DE5-4553-A74C-43006DB220D3}"
	ProjectSection(SolutionItems) = preProject
		Docs\Config.md = Docs\Config.md
		Docs\DemoConfig.md = Docs\DemoConfig.md
		Docs\Help.md = Docs\Help.md
		Docs\Setup.md = Docs\Setup.md
	EndProjectSection
EndProject
Global
	GlobalSection(SolutionConfigurationPlatforms) = preSolution
		Debug|Any CPU = Debug|Any CPU
		LocalDebug|Any CPU = LocalDebug|Any CPU
		Release|Any CPU = Release|Any CPU
	EndGlobalSection
	GlobalSection(ProjectConfigurationPlatforms) = postSolution
		{D0D03B2A-53CA-4564-B0DC-2DF330EC4D23}.Debug|Any CPU.ActiveCfg = Debug|Any CPU
		{D0D03B2A-53CA-4564-B0DC-2DF330EC4D23}.Debug|Any CPU.Build.0 = Debug|Any CPU
		{D0D03B2A-53CA-4564-B0DC-2DF330EC4D23}.LocalDebug|Any CPU.ActiveCfg = LocalDebug|Any CPU
		{D0D03B2A-53CA-4564-B0DC-2DF330EC4D23}.LocalDebug|Any CPU.Build.0 = LocalDebug|Any CPU
		{D0D03B2A-53CA-4564-B0DC-2DF330EC4D23}.Release|Any CPU.ActiveCfg = Release|Any CPU
		{D0D03B2A-53CA-4564-B0DC-2DF330EC4D23}.Release|Any CPU.Build.0 = Release|Any CPU
		{A3DF87DD-7FEB-49BF-825A-0E3B27D5AED2}.Debug|Any CPU.ActiveCfg = Debug|Any CPU
		{A3DF87DD-7FEB-49BF-825A-0E3B27D5AED2}.Debug|Any CPU.Build.0 = Debug|Any CPU
		{A3DF87DD-7FEB-49BF-825A-0E3B27D5AED2}.LocalDebug|Any CPU.ActiveCfg = LocalDebug|Any CPU
		{A3DF87DD-7FEB-49BF-825A-0E3B27D5AED2}.LocalDebug|Any CPU.Build.0 = LocalDebug|Any CPU
		{A3DF87DD-7FEB-49BF-825A-0E3B27D5AED2}.Release|Any CPU.ActiveCfg = Release|Any CPU
		{A3DF87DD-7FEB-49BF-825A-0E3B27D5AED2}.Release|Any CPU.Build.0 = Release|Any CPU
		{D50A9792-AC8A-46E0-84AB-540A89161962}.Debug|Any CPU.ActiveCfg = Debug|Any CPU
		{D50A9792-AC8A-46E0-84AB-540A89161962}.Debug|Any CPU.Build.0 = Debug|Any CPU
		{D50A9792-AC8A-46E0-84AB-540A89161962}.LocalDebug|Any CPU.ActiveCfg = LocalDebug|Any CPU
		{D50A9792-AC8A-46E0-84AB-540A89161962}.LocalDebug|Any CPU.Build.0 = LocalDebug|Any CPU
		{D50A9792-AC8A-46E0-84AB-540A89161962}.Release|Any CPU.ActiveCfg = Release|Any CPU
		{D50A9792-AC8A-46E0-84AB-540A89161962}.Release|Any CPU.Build.0 = Release|Any CPU
		{4F56F58D-A05C-4A4A-8D5A-FCC3904750F9}.Debug|Any CPU.ActiveCfg = Debug|Any CPU
		{4F56F58D-A05C-4A4A-8D5A-FCC3904750F9}.Debug|Any CPU.Build.0 = Debug|Any CPU
		{4F56F58D-A05C-4A4A-8D5A-FCC3904750F9}.LocalDebug|Any CPU.ActiveCfg = LocalDebug|Any CPU
		{4F56F58D-A05C-4A4A-8D5A-FCC3904750F9}.LocalDebug|Any CPU.Build.0 = LocalDebug|Any CPU
		{4F56F58D-A05C-4A4A-8D5A-FCC3904750F9}.Release|Any CPU.ActiveCfg = Release|Any CPU
		{4F56F58D-A05C-4A4A-8D5A-FCC3904750F9}.Release|Any CPU.Build.0 = Release|Any CPU
		{BCA20CF9-B8E1-4551-8B26-11AD42F63892}.Debug|Any CPU.ActiveCfg = Debug|Any CPU
		{BCA20CF9-B8E1-4551-8B26-11AD42F63892}.Debug|Any CPU.Build.0 = Debug|Any CPU
		{BCA20CF9-B8E1-4551-8B26-11AD42F63892}.LocalDebug|Any CPU.ActiveCfg = Debug|Any CPU
		{BCA20CF9-B8E1-4551-8B26-11AD42F63892}.LocalDebug|Any CPU.Build.0 = Debug|Any CPU
		{BCA20CF9-B8E1-4551-8B26-11AD42F63892}.Release|Any CPU.ActiveCfg = Release|Any CPU
		{BCA20CF9-B8E1-4551-8B26-11AD42F63892}.Release|Any CPU.Build.0 = Release|Any CPU
		{DD6F3F2C-D26F-4CC2-84D6-3CAC52879EE1}.Debug|Any CPU.ActiveCfg = Debug|Any CPU
		{DD6F3F2C-D26F-4CC2-84D6-3CAC52879EE1}.Debug|Any CPU.Build.0 = Debug|Any CPU
		{DD6F3F2C-D26F-4CC2-84D6-3CAC52879EE1}.LocalDebug|Any CPU.ActiveCfg = Debug|Any CPU
		{DD6F3F2C-D26F-4CC2-84D6-3CAC52879EE1}.LocalDebug|Any CPU.Build.0 = Debug|Any CPU
		{DD6F3F2C-D26F-4CC2-84D6-3CAC52879EE1}.Release|Any CPU.ActiveCfg = Release|Any CPU
		{DD6F3F2C-D26F-4CC2-84D6-3CAC52879EE1}.Release|Any CPU.Build.0 = Release|Any CPU
		{62701C3C-E88E-407F-B805-E3BF13B74CCE}.Debug|Any CPU.ActiveCfg = Debug|Any CPU
		{62701C3C-E88E-407F-B805-E3BF13B74CCE}.Debug|Any CPU.Build.0 = Debug|Any CPU
		{62701C3C-E88E-407F-B805-E3BF13B74CCE}.LocalDebug|Any CPU.ActiveCfg = Debug|Any CPU
		{62701C3C-E88E-407F-B805-E3BF13B74CCE}.LocalDebug|Any CPU.Build.0 = Debug|Any CPU
		{62701C3C-E88E-407F-B805-E3BF13B74CCE}.Release|Any CPU.ActiveCfg = Release|Any CPU
		{62701C3C-E88E-407F-B805-E3BF13B74CCE}.Release|Any CPU.Build.0 = Release|Any CPU
		{1B4B9E0E-AB4B-46FA-A035-D5E912F6A767}.Debug|Any CPU.ActiveCfg = Debug|Any CPU
		{1B4B9E0E-AB4B-46FA-A035-D5E912F6A767}.Debug|Any CPU.Build.0 = Debug|Any CPU
		{1B4B9E0E-AB4B-46FA-A035-D5E912F6A767}.LocalDebug|Any CPU.ActiveCfg = Debug|Any CPU
		{1B4B9E0E-AB4B-46FA-A035-D5E912F6A767}.LocalDebug|Any CPU.Build.0 = Debug|Any CPU
		{1B4B9E0E-AB4B-46FA-A035-D5E912F6A767}.Release|Any CPU.ActiveCfg = Release|Any CPU
		{1B4B9E0E-AB4B-46FA-A035-D5E912F6A767}.Release|Any CPU.Build.0 = Release|Any CPU
	EndGlobalSection
	GlobalSection(SolutionProperties) = preSolution
		HideSolutionNode = FALSE
	EndGlobalSection
	GlobalSection(NestedProjects) = preSolution
		{83B73DB4-4182-43D0-96D0-DBEF13867BC7} = {403BB528-A379-432B-9A63-10396C4AEC89}
		{352F2598-7354-45CE-8AFF-91F29064B959} = {403BB528-A379-432B-9A63-10396C4AEC89}
		{13C1FC44-D031-4C9C-A13F-054465BF554F} = {403BB528-A379-432B-9A63-10396C4AEC89}
		{87017258-A35E-4902-B39F-E95EA1D80578} = {13C1FC44-D031-4C9C-A13F-054465BF554F}
		{1A0AF3CF-EDD0-4BA6-A92B-C5D0F5EF7CD1} = {352F2598-7354-45CE-8AFF-91F29064B959}
		{AE873B75-9D8D-4596-9B76-92D3717262A7} = {83B73DB4-4182-43D0-96D0-DBEF13867BC7}
		{8F22BC43-FF2D-47BA-B5EC-D1FBA57EC58C} = {B7D40B83-3A61-4B5C-A707-1DEB0320BCA9}
		{5C2A9A2D-5DE5-4553-A74C-43006DB220D3} = {B7D40B83-3A61-4B5C-A707-1DEB0320BCA9}
	EndGlobalSection
	GlobalSection(ExtensibilityGlobals) = postSolution
		EnterpriseLibraryConfigurationToolBinariesPathV6 = packages\EnterpriseLibrary.TransientFaultHandling.6.0.1304.0\lib\portable-net45+win+wp8
	EndGlobalSection
EndGlobal
